
Microsoft Visual Studio Solution File, Format Version 12.00
# Visual Studio Version 17
VisualStudioVersion = 17.7.34221.43
MinimumVisualStudioVersion = 10.0.40219.1
Project("{9A19103F-16F7-4668-BE54-9A1E7A4F7556}") = "DataServer.Core", "DataServer.Core\DataServer.Core.csproj", "{7CFD30EB-B8F4-42D7-B555-A414367E0C83}"
EndProject
Project("{2150E333-8FDC-42A3-9474-1A3956D46DE8}") = "Элементы решения", "Элементы решения", "{5952F0A3-7511-409E-8043-ECD8E273EDC5}"
	ProjectSection(SolutionItems) = preProject
		..\.editorconfig = ..\.editorconfig
		..\README.md = ..\README.md
	EndProjectSection
EndProject
Project("{9A19103F-16F7-4668-BE54-9A1E7A4F7556}") = "DataServer.Core.Demo", "DataServer.Core.Demo\DataServer.Core.Demo.csproj", "{669B7366-F29E-4A02-A6E0-30834BD96910}"
EndProject
Project("{9A19103F-16F7-4668-BE54-9A1E7A4F7556}") = "DataServer.Core.Tests", "DataServer.Core.Tests\DataServer.Core.Tests.csproj", "{86C99E4B-459C-4B70-9C1E-C48FE482679B}"
EndProject
Global
	GlobalSection(SolutionConfigurationPlatforms) = preSolution
		Debug|Any CPU = Debug|Any CPU
		Release|Any CPU = Release|Any CPU
	EndGlobalSection
	GlobalSection(ProjectConfigurationPlatforms) = postSolution
		{7CFD30EB-B8F4-42D7-B555-A414367E0C83}.Debug|Any CPU.ActiveCfg = Debug|Any CPU
		{7CFD30EB-B8F4-42D7-B555-A414367E0C83}.Debug|Any CPU.Build.0 = Debug|Any CPU
		{7CFD30EB-B8F4-42D7-B555-A414367E0C83}.Release|Any CPU.ActiveCfg = Release|Any CPU
		{7CFD30EB-B8F4-42D7-B555-A414367E0C83}.Release|Any CPU.Build.0 = Release|Any CPU
		{669B7366-F29E-4A02-A6E0-30834BD96910}.Debug|Any CPU.ActiveCfg = Debug|Any CPU
		{669B7366-F29E-4A02-A6E0-30834BD96910}.Debug|Any CPU.Build.0 = Debug|Any CPU
		{669B7366-F29E-4A02-A6E0-30834BD96910}.Release|Any CPU.ActiveCfg = Release|Any CPU
		{669B7366-F29E-4A02-A6E0-30834BD96910}.Release|Any CPU.Build.0 = Release|Any CPU
		{86C99E4B-459C-4B70-9C1E-C48FE482679B}.Debug|Any CPU.ActiveCfg = Debug|Any CPU
		{86C99E4B-459C-4B70-9C1E-C48FE482679B}.Debug|Any CPU.Build.0 = Debug|Any CPU
		{86C99E4B-459C-4B70-9C1E-C48FE482679B}.Release|Any CPU.ActiveCfg = Release|Any CPU
		{86C99E4B-459C-4B70-9C1E-C48FE482679B}.Release|Any CPU.Build.0 = Release|Any CPU
	EndGlobalSection
	GlobalSection(SolutionProperties) = preSolution
		HideSolutionNode = FALSE
	EndGlobalSection
	GlobalSection(ExtensibilityGlobals) = postSolution
		SolutionGuid = {7784F3DC-5FCE-4A1F-AB90-DBE9B42CD642}
	EndGlobalSection
EndGlobal
